
Microsoft Visual Studio Solution File, Format Version 12.00
# Visual Studio 15
VisualStudioVersion = 15.0.28010.2026
MinimumVisualStudioVersion = 10.0.40219.1
Project("{FAE04EC0-301F-11D3-BF4B-00C04F79EFBC}") = "MT.Tools.Icalendar", "MT.Tools.Icalendar\MT.Tools.Icalendar.csproj", "{5FE9C4EB-8877-46A1-A257-60A9E58338A6}"
EndProject
Global
	GlobalSection(SolutionConfigurationPlatforms) = preSolution
		Debug|Any CPU = Debug|Any CPU
		Release|Any CPU = Release|Any CPU
	EndGlobalSection
	GlobalSection(ProjectConfigurationPlatforms) = postSolution
		{5FE9C4EB-8877-46A1-A257-60A9E58338A6}.Debug|Any CPU.ActiveCfg = Debug|Any CPU
		{5FE9C4EB-8877-46A1-A257-60A9E58338A6}.Debug|Any CPU.Build.0 = Debug|Any CPU
		{5FE9C4EB-8877-46A1-A257-60A9E58338A6}.Release|Any CPU.ActiveCfg = Release|Any CPU
		{5FE9C4EB-8877-46A1-A257-60A9E58338A6}.Release|Any CPU.Build.0 = Release|Any CPU
	EndGlobalSection
	GlobalSection(SolutionProperties) = preSolution
		HideSolutionNode = FALSE
	EndGlobalSection
	GlobalSection(ExtensibilityGlobals) = postSolution
		SolutionGuid = {8939279D-9023-4F39-B160-403958AE8E39}
	EndGlobalSection
EndGlobal
